
Microsoft Visual Studio Solution File, Format Version 12.00
# Visual Studio Version 16
VisualStudioVersion = 16.0.29009.5
MinimumVisualStudioVersion = 10.0.40219.1
Project("{9A19103F-16F7-4668-BE54-9A1E7A4F7556}") = "WorkflowCoordinator", "WorkflowCoordinator\WorkflowCoordinator\WorkflowCoordinator.csproj", "{8EB66270-F2E0-4C47-9DD1-104A19B28D2A}"
EndProject
Project("{9A19103F-16F7-4668-BE54-9A1E7A4F7556}") = "WorkflowCoordinator.UnitTests", "WorkflowCoordinator\WorkflowCoordinator.UnitTests\WorkflowCoordinator.UnitTests.csproj", "{346E8D20-5414-4B88-8005-830A64813D8C}"
EndProject
Project("{9A19103F-16F7-4668-BE54-9A1E7A4F7556}") = "SourceDocumentCoordinator", "SourceDocumentCoordinator\SourceDocumentCoordinator\SourceDocumentCoordinator.csproj", "{01C310EF-95EF-4DB3-8A0B-E4336311E959}"
EndProject
Project("{9A19103F-16F7-4668-BE54-9A1E7A4F7556}") = "SourceDocumentCoordinator.UnitTests", "SourceDocumentCoordinator\SourceDocumentCoordinator.UnitTests\SourceDocumentCoordinator.UnitTests.csproj", "{5E92B5B9-024B-4704-85DD-D869598BD7E3}"
EndProject
Project("{9A19103F-16F7-4668-BE54-9A1E7A4F7556}") = "DataServices", "DataServices\DataServices\DataServices.csproj", "{3FBE9F3E-962A-476A-B763-D995D8B5DF3F}"
EndProject
Project("{9A19103F-16F7-4668-BE54-9A1E7A4F7556}") = "DataServices.UnitTests", "DataServices\DataServices.UnitTests\DataServices.UnitTests.csproj", "{DA81B752-BBF4-40B3-9D01-C85438052A41}"
EndProject
Project("{9A19103F-16F7-4668-BE54-9A1E7A4F7556}") = "EventService.UnitTests", "EventServices\EventService.UnitTests\EventService.UnitTests.csproj", "{D14AE93B-DC51-4BB9-811E-5791146E2410}"
EndProject
Project("{9A19103F-16F7-4668-BE54-9A1E7A4F7556}") = "Portal", "Portal\Portal\Portal.csproj", "{1DF56C30-EC92-417A-A0F2-262D2D60E27C}"
EndProject
Project("{9A19103F-16F7-4668-BE54-9A1E7A4F7556}") = "Portal.UnitTests", "Portal\Portal.UnitTests\Portal.UnitTests.csproj", "{B2BF8E1F-9376-4979-9883-360755735D2B}"
EndProject
Project("{2150E333-8FDC-42A3-9474-1A3956D46DE8}") = "DataServices", "DataServices", "{9C5DE816-B215-42DD-8ED2-A00895B4CDF6}"
EndProject
Project("{2150E333-8FDC-42A3-9474-1A3956D46DE8}") = "EventService", "EventService", "{2A105A65-DBE4-4FD2-8D9C-468F70B854B6}"
EndProject
Project("{2150E333-8FDC-42A3-9474-1A3956D46DE8}") = "Portal", "Portal", "{1090BDD0-981C-477F-88CB-9C6EF85D568C}"
EndProject
Project("{2150E333-8FDC-42A3-9474-1A3956D46DE8}") = "SourceDocumentCoordinator", "SourceDocumentCoordinator", "{71BF8B2A-BCF8-4F06-BF31-31B89EC4CE45}"
EndProject
Project("{2150E333-8FDC-42A3-9474-1A3956D46DE8}") = "WorkflowCoordinator", "WorkflowCoordinator", "{AC6D37BD-D8E4-418F-B062-4B7CC6A8FD1A}"
EndProject
Project("{9A19103F-16F7-4668-BE54-9A1E7A4F7556}") = "Portal.TestAutomation.Specs", "Portal.TestAutomation.Specs\Portal.TestAutomation.Specs.csproj", "{4082E4EB-A98A-4D0E-B32C-E9C4314A74B8}"
EndProject
Project("{9A19103F-16F7-4668-BE54-9A1E7A4F7556}") = "Portal.TestAutomation.Framework", "Portal.TestAutomation.Framework\Portal.TestAutomation.Framework.csproj", "{3BBC0C16-552E-4DD0-9F08-7986AF9B9F44}"
EndProject
Project("{9A19103F-16F7-4668-BE54-9A1E7A4F7556}") = "Portal.TestAutomation.Steps", "Portal.TestAutomation.Steps\Portal.TestAutomation.Steps.csproj", "{C3690CF6-C041-4AAF-A065-AEC930DC3938}"
EndProject
Project("{2150E333-8FDC-42A3-9474-1A3956D46DE8}") = "Databases", "Databases", "{1EAB5545-7539-44E4-8025-1580F2878997}"
EndProject
Project("{00D1A9C2-B5F0-4AF3-8072-F6C62B433612}") = "WorkflowDatabase", "Databases\WorkflowDatabase\WorkflowDatabase.sqlproj", "{B96CC0F6-E1F1-4967-8776-17FD0F00BE3B}"
EndProject
Project("{9A19103F-16F7-4668-BE54-9A1E7A4F7556}") = "WorkflowDatabase.Tests", "Databases\WorkflowDatabase.Tests\WorkflowDatabase.Tests.csproj", "{A6C8967B-207B-4037-B06D-E82363B47B55}"
EndProject
Project("{9A19103F-16F7-4668-BE54-9A1E7A4F7556}") = "WorkflowDatabase.EF", "Databases\WorkflowDatabase.EF\WorkflowDatabase.EF.csproj", "{CF1A9C9D-81C2-4F71-A634-FA0F8FCE154E}"
EndProject
Project("{2150E333-8FDC-42A3-9474-1A3956D46DE8}") = "Common", "Common", "{DB5D8B0D-04B0-4929-A5B8-BE892037D846}"
EndProject
Project("{9A19103F-16F7-4668-BE54-9A1E7A4F7556}") = "Common.Messages", "Common\Common.Messages\Common.Messages.csproj", "{2F6F8E7E-CB8F-4E3A-AE1B-6FA25BF99BC8}"
EndProject
Project("{9A19103F-16F7-4668-BE54-9A1E7A4F7556}") = "Common.Helpers", "Common.Helpers\Common.Helpers.csproj", "{C7BC619D-7B09-417F-BC2A-43B79FF28541}"
EndProject
Project("{9A19103F-16F7-4668-BE54-9A1E7A4F7556}") = "DataServices.Models", "DataServices\DataServices.Models\DataServices.Models.csproj", "{6B6269AD-C400-4A5E-B6F8-19E5036BF127}"
EndProject
Project("{9A19103F-16F7-4668-BE54-9A1E7A4F7556}") = "WorkflowCoordinator.IntegrationTests", "WorkflowCoordinator.IntegrationTests\WorkflowCoordinator.IntegrationTests.csproj", "{2C01990D-AE78-4265-BA7E-4C72CA01AC25}"
EndProject
Project("{9A19103F-16F7-4668-BE54-9A1E7A4F7556}") = "SourceDocumentCoordinator.IntegrationTests", "SourceDocumentCoordinator.IntegrationTests\SourceDocumentCoordinator.IntegrationTests.csproj", "{2020CB3C-3F45-418D-B72D-728DEB2312E5}"
EndProject
Project("{9A19103F-16F7-4668-BE54-9A1E7A4F7556}") = "HpdDatabase.EF", "HpdDatabase.EF\HpdDatabase.EF.csproj", "{51429E63-C0D9-4D25-8BD2-A6E1226E3E32}"
EndProject
Project("{9A19103F-16F7-4668-BE54-9A1E7A4F7556}") = "Portal.IntegrationTests", "Portal.IntegrationTests\Portal.IntegrationTests.csproj", "{65387C63-1F50-4EE1-839B-9446F1FEE0D9}"
EndProject
Project("{9A19103F-16F7-4668-BE54-9A1E7A4F7556}") = "EventService", "EventServices\EventService\EventService.csproj", "{894C5FB2-067D-45A3-BA33-F243C6AE15D8}"
EndProject
Project("{9A19103F-16F7-4668-BE54-9A1E7A4F7556}") = "Common.Factories", "Common.Factories\Common.Factories.csproj", "{7DEFFBD9-059A-4282-BEEF-90C6BEF20997}"
EndProject
Project("{9A19103F-16F7-4668-BE54-9A1E7A4F7556}") = "Common.Factories.Interfaces", "Common.Factories.Interfaces\Common.Factories.Interfaces.csproj", "{2238A74F-C299-4237-9B99-B6FC6E7CF372}"
EndProject
Project("{9A19103F-16F7-4668-BE54-9A1E7A4F7556}") = "NCNEPortal", "NCNEPortal\NCNEPortal.csproj", "{44CB9B22-96DC-4187-A044-425D6E42BE57}"
EndProject
Project("{2150E333-8FDC-42A3-9474-1A3956D46DE8}") = "NCNEPortal", "NCNEPortal", "{45E57C57-3AEE-425D-896F-7314EF08CAF4}"
EndProject
Project("{9A19103F-16F7-4668-BE54-9A1E7A4F7556}") = "NCNEPortal.TestAutomation.Framework", "NCNEPortal.TestAutomation.Framework\NCNEPortal.TestAutomation.Framework.csproj", "{C196D665-2AEF-4B1A-A84C-13F8928696DA}"
EndProject
Project("{9A19103F-16F7-4668-BE54-9A1E7A4F7556}") = "NCNEPortal.TestAutomation.Specs", "NCNEPortal.TestAutomation.Specs\NCNEPortal.TestAutomation.Specs.csproj", "{87FF91E4-4B7E-4E7D-9C2D-D2D1C36ACB7F}"
EndProject
Project("{9A19103F-16F7-4668-BE54-9A1E7A4F7556}") = "NCNEPortal.TestAutomation.Steps", "NCNEPortal.TestAutomation.Steps\NCNEPortal.TestAutomation.Steps.csproj", "{9AC626D9-C807-4605-8DAC-17701659D539}"
EndProject
Project("{00D1A9C2-B5F0-4AF3-8072-F6C62B433612}") = "NCNEWorkflowDatabase", "Databases\NCNEWorkflowDatabase\NCNEWorkflowDatabase.sqlproj", "{49D8F51B-9D01-44F0-B2B9-761441874C79}"
EndProject
Project("{9A19103F-16F7-4668-BE54-9A1E7A4F7556}") = "NCNEWorkflowDatabase.EF", "Databases\NCNEWorkflowDatabase.EF\NCNEWorkflowDatabase.EF.csproj", "{BB0DB563-AA21-4ADD-8B84-AD45E2CF1EAD}"
EndProject
Project("{9A19103F-16F7-4668-BE54-9A1E7A4F7556}") = "NCNEWorkflowDatabase.Tests", "Databases\NCNEWorkflowDatabase.Tests\NCNEWorkflowDatabase.Tests.csproj", "{04FDC056-F682-4ED5-8E3A-42D12609934E}"
EndProject
Project("{9A19103F-16F7-4668-BE54-9A1E7A4F7556}") = "NCNEPortal.UnitTests", "NCNEPortal.UnitTests\NCNEPortal.UnitTests.csproj", "{1F6DC8D1-F8A8-4EC0-89AE-61F1673051F7}"
EndProject
Project("{9A19103F-16F7-4668-BE54-9A1E7A4F7556}") = "NCNEPortal.AccessibilityTests", "NCNEPortal.AccessibilityTests\NCNEPortal.AccessibilityTests.csproj", "{88FED1BB-0531-47C2-886C-9CC342CD6EEA}"
EndProject
Project("{9A19103F-16F7-4668-BE54-9A1E7A4F7556}") = "Common.TestAutomation.Framework", "Common.TestAutomation.Framework\Common.TestAutomation.Framework.csproj", "{8DAC4D63-1AF2-4DD5-AAD3-A201798FF791}"
EndProject
Project("{9A19103F-16F7-4668-BE54-9A1E7A4F7556}") = "Portal.AccessibilityTests", "Portal.AccessibilityTests\Portal.AccessibilityTests.csproj", "{728D8DC0-FC95-47E9-9FF7-D34E6C6C7253}"
EndProject
Project("{00D1A9C2-B5F0-4AF3-8072-F6C62B433612}") = "DbUpdateWorkflowDatabase", "Databases\DbUpWorkflowDatabase\DbUpdateWorkflowDatabase.sqlproj", "{98A656ED-8A08-4971-9C6F-C7EE3DC0F7A9}"
EndProject
Project("{9A19103F-16F7-4668-BE54-9A1E7A4F7556}") = "DbUpdateWorkflowDatabase.Tests", "Databases\DbUpdateWorkflowDatabase.Tests\DbUpdateWorkflowDatabase.Tests.csproj", "{21CE924D-4734-4114-A07D-CF26E4CDA263}"
EndProject
Project("{9A19103F-16F7-4668-BE54-9A1E7A4F7556}") = "DbUpdateWorkflowDatabase.EF", "Databases\DbUpdateWorkflowDatabase.EF\DbUpdateWorkflowDatabase.EF.csproj", "{E67BD03F-4373-47AD-860A-365379034053}"
EndProject
Project("{2150E333-8FDC-42A3-9474-1A3956D46DE8}") = "DbUpdate", "DbUpdate", "{368D615C-212A-4679-8831-EBFEAF496047}"
EndProject
Project("{9A19103F-16F7-4668-BE54-9A1E7A4F7556}") = "DbUpdatePortal", "DbUpdatePortal\DbUpdatePortal.csproj", "{90C54CC2-F28B-4697-BD86-1C7FAFB71E9E}"
EndProject
Project("{9A19103F-16F7-4668-BE54-9A1E7A4F7556}") = "DbUpdatePortal.UnitTests", "DbUpdatePortal.UnitTests\DbUpdatePortal.UnitTests.csproj", "{5412D312-DB1D-4AB5-8E85-9EDE73BC6033}"
EndProject
Project("{9A19103F-16F7-4668-BE54-9A1E7A4F7556}") = "DbUpdatePortal.AccessibilityTests", "DbUpdatePortal.AccessibilityTests\DbUpdatePortal.AccessibilityTests.csproj", "{0C450379-209A-4590-9A4B-605573AC9E3B}"
EndProject
Project("{9A19103F-16F7-4668-BE54-9A1E7A4F7556}") = "DbUpdatePortal.TestAutomation.Framework", "DbUpdatePortal.TestAutomation.Framework\DbUpdatePortal.TestAutomation.Framework.csproj", "{655FE3DE-05A2-43CD-808E-2060B40428B4}"
EndProject
Project("{9A19103F-16F7-4668-BE54-9A1E7A4F7556}") = "DbUpdatePortal.TestAutomation.Specs", "DbUpdatePortal.TestAutomation.Specs\DbUpdatePortal.TestAutomation.Specs.csproj", "{15C5FCD2-12F9-4A72-B021-C6EC48A519E0}"
EndProject
Project("{9A19103F-16F7-4668-BE54-9A1E7A4F7556}") = "DbUpdatePortal.TestAutomation.Steps", "DbUpdatePortal.TestAutomation.Steps\DbUpdatePortal.TestAutomation.Steps.csproj", "{F3A35B5C-1AFB-49A6-AF4F-123B0C653A68}"
EndProject
Project("{2150E333-8FDC-42A3-9474-1A3956D46DE8}") = "SourceDocumentService", "SourceDocumentService", "{3E039553-1538-4262-B62E-5286218C4519}"
EndProject
Project("{9A19103F-16F7-4668-BE54-9A1E7A4F7556}") = "SourceDocumentService", "SourceDocumentService\SourceDocumentService.csproj", "{3C9EE6B0-6BE5-4A40-ADEC-A0E9B3AF73FC}"
EndProject
Project("{9A19103F-16F7-4668-BE54-9A1E7A4F7556}") = "SourceDocumentService.UnitTests", "SourceDocumentService.UnitTests\SourceDocumentService.UnitTests.csproj", "{31144431-5C45-4A05-8595-94BBEEBB2AF2}"
EndProject
Project("{FAE04EC0-301F-11D3-BF4B-00C04F79EFBC}") = "SourceDocumentService.IntegrationTests", "SourceDocumentService.IntegrationTests\SourceDocumentService.IntegrationTests.csproj", "{F6F37386-DA8A-4304-B7AA-83AB3D0FCC4C}"
EndProject
Global
	GlobalSection(SolutionConfigurationPlatforms) = preSolution
		Debug|Any CPU = Debug|Any CPU
		Release|Any CPU = Release|Any CPU
	EndGlobalSection
	GlobalSection(ProjectConfigurationPlatforms) = postSolution
		{8EB66270-F2E0-4C47-9DD1-104A19B28D2A}.Debug|Any CPU.ActiveCfg = Debug|Any CPU
		{8EB66270-F2E0-4C47-9DD1-104A19B28D2A}.Debug|Any CPU.Build.0 = Debug|Any CPU
		{8EB66270-F2E0-4C47-9DD1-104A19B28D2A}.Release|Any CPU.ActiveCfg = Release|Any CPU
		{8EB66270-F2E0-4C47-9DD1-104A19B28D2A}.Release|Any CPU.Build.0 = Release|Any CPU
		{346E8D20-5414-4B88-8005-830A64813D8C}.Debug|Any CPU.ActiveCfg = Debug|Any CPU
		{346E8D20-5414-4B88-8005-830A64813D8C}.Debug|Any CPU.Build.0 = Debug|Any CPU
		{346E8D20-5414-4B88-8005-830A64813D8C}.Release|Any CPU.ActiveCfg = Release|Any CPU
		{346E8D20-5414-4B88-8005-830A64813D8C}.Release|Any CPU.Build.0 = Release|Any CPU
		{01C310EF-95EF-4DB3-8A0B-E4336311E959}.Debug|Any CPU.ActiveCfg = Debug|Any CPU
		{01C310EF-95EF-4DB3-8A0B-E4336311E959}.Debug|Any CPU.Build.0 = Debug|Any CPU
		{01C310EF-95EF-4DB3-8A0B-E4336311E959}.Release|Any CPU.ActiveCfg = Release|Any CPU
		{01C310EF-95EF-4DB3-8A0B-E4336311E959}.Release|Any CPU.Build.0 = Release|Any CPU
		{5E92B5B9-024B-4704-85DD-D869598BD7E3}.Debug|Any CPU.ActiveCfg = Debug|Any CPU
		{5E92B5B9-024B-4704-85DD-D869598BD7E3}.Debug|Any CPU.Build.0 = Debug|Any CPU
		{5E92B5B9-024B-4704-85DD-D869598BD7E3}.Release|Any CPU.ActiveCfg = Release|Any CPU
		{5E92B5B9-024B-4704-85DD-D869598BD7E3}.Release|Any CPU.Build.0 = Release|Any CPU
		{3FBE9F3E-962A-476A-B763-D995D8B5DF3F}.Debug|Any CPU.ActiveCfg = Debug|Any CPU
		{3FBE9F3E-962A-476A-B763-D995D8B5DF3F}.Debug|Any CPU.Build.0 = Debug|Any CPU
		{3FBE9F3E-962A-476A-B763-D995D8B5DF3F}.Release|Any CPU.ActiveCfg = Release|Any CPU
		{3FBE9F3E-962A-476A-B763-D995D8B5DF3F}.Release|Any CPU.Build.0 = Release|Any CPU
		{DA81B752-BBF4-40B3-9D01-C85438052A41}.Debug|Any CPU.ActiveCfg = Debug|Any CPU
		{DA81B752-BBF4-40B3-9D01-C85438052A41}.Debug|Any CPU.Build.0 = Debug|Any CPU
		{DA81B752-BBF4-40B3-9D01-C85438052A41}.Release|Any CPU.ActiveCfg = Release|Any CPU
		{DA81B752-BBF4-40B3-9D01-C85438052A41}.Release|Any CPU.Build.0 = Release|Any CPU
		{D14AE93B-DC51-4BB9-811E-5791146E2410}.Debug|Any CPU.ActiveCfg = Debug|Any CPU
		{D14AE93B-DC51-4BB9-811E-5791146E2410}.Debug|Any CPU.Build.0 = Debug|Any CPU
		{D14AE93B-DC51-4BB9-811E-5791146E2410}.Release|Any CPU.ActiveCfg = Release|Any CPU
		{D14AE93B-DC51-4BB9-811E-5791146E2410}.Release|Any CPU.Build.0 = Release|Any CPU
		{1DF56C30-EC92-417A-A0F2-262D2D60E27C}.Debug|Any CPU.ActiveCfg = Debug|Any CPU
		{1DF56C30-EC92-417A-A0F2-262D2D60E27C}.Debug|Any CPU.Build.0 = Debug|Any CPU
		{1DF56C30-EC92-417A-A0F2-262D2D60E27C}.Release|Any CPU.ActiveCfg = Release|Any CPU
		{1DF56C30-EC92-417A-A0F2-262D2D60E27C}.Release|Any CPU.Build.0 = Release|Any CPU
		{B2BF8E1F-9376-4979-9883-360755735D2B}.Debug|Any CPU.ActiveCfg = Debug|Any CPU
		{B2BF8E1F-9376-4979-9883-360755735D2B}.Debug|Any CPU.Build.0 = Debug|Any CPU
		{B2BF8E1F-9376-4979-9883-360755735D2B}.Release|Any CPU.ActiveCfg = Release|Any CPU
		{B2BF8E1F-9376-4979-9883-360755735D2B}.Release|Any CPU.Build.0 = Release|Any CPU
		{4082E4EB-A98A-4D0E-B32C-E9C4314A74B8}.Debug|Any CPU.ActiveCfg = Debug|Any CPU
		{4082E4EB-A98A-4D0E-B32C-E9C4314A74B8}.Debug|Any CPU.Build.0 = Debug|Any CPU
		{4082E4EB-A98A-4D0E-B32C-E9C4314A74B8}.Release|Any CPU.ActiveCfg = Release|Any CPU
		{4082E4EB-A98A-4D0E-B32C-E9C4314A74B8}.Release|Any CPU.Build.0 = Release|Any CPU
		{3BBC0C16-552E-4DD0-9F08-7986AF9B9F44}.Debug|Any CPU.ActiveCfg = Debug|Any CPU
		{3BBC0C16-552E-4DD0-9F08-7986AF9B9F44}.Debug|Any CPU.Build.0 = Debug|Any CPU
		{3BBC0C16-552E-4DD0-9F08-7986AF9B9F44}.Release|Any CPU.ActiveCfg = Release|Any CPU
		{3BBC0C16-552E-4DD0-9F08-7986AF9B9F44}.Release|Any CPU.Build.0 = Release|Any CPU
		{C3690CF6-C041-4AAF-A065-AEC930DC3938}.Debug|Any CPU.ActiveCfg = Debug|Any CPU
		{C3690CF6-C041-4AAF-A065-AEC930DC3938}.Debug|Any CPU.Build.0 = Debug|Any CPU
		{C3690CF6-C041-4AAF-A065-AEC930DC3938}.Release|Any CPU.ActiveCfg = Release|Any CPU
		{C3690CF6-C041-4AAF-A065-AEC930DC3938}.Release|Any CPU.Build.0 = Release|Any CPU
		{B96CC0F6-E1F1-4967-8776-17FD0F00BE3B}.Debug|Any CPU.ActiveCfg = Debug|Any CPU
		{B96CC0F6-E1F1-4967-8776-17FD0F00BE3B}.Debug|Any CPU.Build.0 = Debug|Any CPU
		{B96CC0F6-E1F1-4967-8776-17FD0F00BE3B}.Debug|Any CPU.Deploy.0 = Debug|Any CPU
		{B96CC0F6-E1F1-4967-8776-17FD0F00BE3B}.Release|Any CPU.ActiveCfg = Release|Any CPU
		{B96CC0F6-E1F1-4967-8776-17FD0F00BE3B}.Release|Any CPU.Build.0 = Release|Any CPU
		{B96CC0F6-E1F1-4967-8776-17FD0F00BE3B}.Release|Any CPU.Deploy.0 = Release|Any CPU
		{A6C8967B-207B-4037-B06D-E82363B47B55}.Debug|Any CPU.ActiveCfg = Debug|Any CPU
		{A6C8967B-207B-4037-B06D-E82363B47B55}.Debug|Any CPU.Build.0 = Debug|Any CPU
		{A6C8967B-207B-4037-B06D-E82363B47B55}.Release|Any CPU.ActiveCfg = Release|Any CPU
		{A6C8967B-207B-4037-B06D-E82363B47B55}.Release|Any CPU.Build.0 = Release|Any CPU
		{CF1A9C9D-81C2-4F71-A634-FA0F8FCE154E}.Debug|Any CPU.ActiveCfg = Debug|Any CPU
		{CF1A9C9D-81C2-4F71-A634-FA0F8FCE154E}.Debug|Any CPU.Build.0 = Debug|Any CPU
		{CF1A9C9D-81C2-4F71-A634-FA0F8FCE154E}.Release|Any CPU.ActiveCfg = Release|Any CPU
		{CF1A9C9D-81C2-4F71-A634-FA0F8FCE154E}.Release|Any CPU.Build.0 = Release|Any CPU
		{2F6F8E7E-CB8F-4E3A-AE1B-6FA25BF99BC8}.Debug|Any CPU.ActiveCfg = Debug|Any CPU
		{2F6F8E7E-CB8F-4E3A-AE1B-6FA25BF99BC8}.Debug|Any CPU.Build.0 = Debug|Any CPU
		{2F6F8E7E-CB8F-4E3A-AE1B-6FA25BF99BC8}.Release|Any CPU.ActiveCfg = Release|Any CPU
		{2F6F8E7E-CB8F-4E3A-AE1B-6FA25BF99BC8}.Release|Any CPU.Build.0 = Release|Any CPU
		{C7BC619D-7B09-417F-BC2A-43B79FF28541}.Debug|Any CPU.ActiveCfg = Debug|Any CPU
		{C7BC619D-7B09-417F-BC2A-43B79FF28541}.Debug|Any CPU.Build.0 = Debug|Any CPU
		{C7BC619D-7B09-417F-BC2A-43B79FF28541}.Release|Any CPU.ActiveCfg = Release|Any CPU
		{C7BC619D-7B09-417F-BC2A-43B79FF28541}.Release|Any CPU.Build.0 = Release|Any CPU
		{6B6269AD-C400-4A5E-B6F8-19E5036BF127}.Debug|Any CPU.ActiveCfg = Debug|Any CPU
		{6B6269AD-C400-4A5E-B6F8-19E5036BF127}.Debug|Any CPU.Build.0 = Debug|Any CPU
		{6B6269AD-C400-4A5E-B6F8-19E5036BF127}.Release|Any CPU.ActiveCfg = Release|Any CPU
		{6B6269AD-C400-4A5E-B6F8-19E5036BF127}.Release|Any CPU.Build.0 = Release|Any CPU
		{2C01990D-AE78-4265-BA7E-4C72CA01AC25}.Debug|Any CPU.ActiveCfg = Debug|Any CPU
		{2C01990D-AE78-4265-BA7E-4C72CA01AC25}.Debug|Any CPU.Build.0 = Debug|Any CPU
		{2C01990D-AE78-4265-BA7E-4C72CA01AC25}.Release|Any CPU.ActiveCfg = Release|Any CPU
		{2C01990D-AE78-4265-BA7E-4C72CA01AC25}.Release|Any CPU.Build.0 = Release|Any CPU
		{2020CB3C-3F45-418D-B72D-728DEB2312E5}.Debug|Any CPU.ActiveCfg = Debug|Any CPU
		{2020CB3C-3F45-418D-B72D-728DEB2312E5}.Debug|Any CPU.Build.0 = Debug|Any CPU
		{2020CB3C-3F45-418D-B72D-728DEB2312E5}.Release|Any CPU.ActiveCfg = Release|Any CPU
		{2020CB3C-3F45-418D-B72D-728DEB2312E5}.Release|Any CPU.Build.0 = Release|Any CPU
		{51429E63-C0D9-4D25-8BD2-A6E1226E3E32}.Debug|Any CPU.ActiveCfg = Debug|Any CPU
		{51429E63-C0D9-4D25-8BD2-A6E1226E3E32}.Debug|Any CPU.Build.0 = Debug|Any CPU
		{51429E63-C0D9-4D25-8BD2-A6E1226E3E32}.Release|Any CPU.ActiveCfg = Release|Any CPU
		{51429E63-C0D9-4D25-8BD2-A6E1226E3E32}.Release|Any CPU.Build.0 = Release|Any CPU
		{65387C63-1F50-4EE1-839B-9446F1FEE0D9}.Debug|Any CPU.ActiveCfg = Debug|Any CPU
		{65387C63-1F50-4EE1-839B-9446F1FEE0D9}.Debug|Any CPU.Build.0 = Debug|Any CPU
		{65387C63-1F50-4EE1-839B-9446F1FEE0D9}.Release|Any CPU.ActiveCfg = Release|Any CPU
		{65387C63-1F50-4EE1-839B-9446F1FEE0D9}.Release|Any CPU.Build.0 = Release|Any CPU
		{894C5FB2-067D-45A3-BA33-F243C6AE15D8}.Debug|Any CPU.ActiveCfg = Debug|Any CPU
		{894C5FB2-067D-45A3-BA33-F243C6AE15D8}.Debug|Any CPU.Build.0 = Debug|Any CPU
		{894C5FB2-067D-45A3-BA33-F243C6AE15D8}.Release|Any CPU.ActiveCfg = Release|Any CPU
		{894C5FB2-067D-45A3-BA33-F243C6AE15D8}.Release|Any CPU.Build.0 = Release|Any CPU
		{7DEFFBD9-059A-4282-BEEF-90C6BEF20997}.Debug|Any CPU.ActiveCfg = Debug|Any CPU
		{7DEFFBD9-059A-4282-BEEF-90C6BEF20997}.Debug|Any CPU.Build.0 = Debug|Any CPU
		{7DEFFBD9-059A-4282-BEEF-90C6BEF20997}.Release|Any CPU.ActiveCfg = Release|Any CPU
		{7DEFFBD9-059A-4282-BEEF-90C6BEF20997}.Release|Any CPU.Build.0 = Release|Any CPU
		{2238A74F-C299-4237-9B99-B6FC6E7CF372}.Debug|Any CPU.ActiveCfg = Debug|Any CPU
		{2238A74F-C299-4237-9B99-B6FC6E7CF372}.Debug|Any CPU.Build.0 = Debug|Any CPU
		{2238A74F-C299-4237-9B99-B6FC6E7CF372}.Release|Any CPU.ActiveCfg = Release|Any CPU
		{2238A74F-C299-4237-9B99-B6FC6E7CF372}.Release|Any CPU.Build.0 = Release|Any CPU
		{44CB9B22-96DC-4187-A044-425D6E42BE57}.Debug|Any CPU.ActiveCfg = Debug|Any CPU
		{44CB9B22-96DC-4187-A044-425D6E42BE57}.Debug|Any CPU.Build.0 = Debug|Any CPU
		{44CB9B22-96DC-4187-A044-425D6E42BE57}.Release|Any CPU.ActiveCfg = Release|Any CPU
		{44CB9B22-96DC-4187-A044-425D6E42BE57}.Release|Any CPU.Build.0 = Release|Any CPU
		{C196D665-2AEF-4B1A-A84C-13F8928696DA}.Debug|Any CPU.ActiveCfg = Debug|Any CPU
		{C196D665-2AEF-4B1A-A84C-13F8928696DA}.Debug|Any CPU.Build.0 = Debug|Any CPU
		{C196D665-2AEF-4B1A-A84C-13F8928696DA}.Release|Any CPU.ActiveCfg = Release|Any CPU
		{C196D665-2AEF-4B1A-A84C-13F8928696DA}.Release|Any CPU.Build.0 = Release|Any CPU
		{87FF91E4-4B7E-4E7D-9C2D-D2D1C36ACB7F}.Debug|Any CPU.ActiveCfg = Debug|Any CPU
		{87FF91E4-4B7E-4E7D-9C2D-D2D1C36ACB7F}.Debug|Any CPU.Build.0 = Debug|Any CPU
		{87FF91E4-4B7E-4E7D-9C2D-D2D1C36ACB7F}.Release|Any CPU.ActiveCfg = Release|Any CPU
		{87FF91E4-4B7E-4E7D-9C2D-D2D1C36ACB7F}.Release|Any CPU.Build.0 = Release|Any CPU
		{9AC626D9-C807-4605-8DAC-17701659D539}.Debug|Any CPU.ActiveCfg = Debug|Any CPU
		{9AC626D9-C807-4605-8DAC-17701659D539}.Debug|Any CPU.Build.0 = Debug|Any CPU
		{9AC626D9-C807-4605-8DAC-17701659D539}.Release|Any CPU.ActiveCfg = Release|Any CPU
		{9AC626D9-C807-4605-8DAC-17701659D539}.Release|Any CPU.Build.0 = Release|Any CPU
		{49D8F51B-9D01-44F0-B2B9-761441874C79}.Debug|Any CPU.ActiveCfg = Debug|Any CPU
		{49D8F51B-9D01-44F0-B2B9-761441874C79}.Debug|Any CPU.Build.0 = Debug|Any CPU
		{49D8F51B-9D01-44F0-B2B9-761441874C79}.Debug|Any CPU.Deploy.0 = Debug|Any CPU
		{49D8F51B-9D01-44F0-B2B9-761441874C79}.Release|Any CPU.ActiveCfg = Release|Any CPU
		{49D8F51B-9D01-44F0-B2B9-761441874C79}.Release|Any CPU.Build.0 = Release|Any CPU
		{49D8F51B-9D01-44F0-B2B9-761441874C79}.Release|Any CPU.Deploy.0 = Release|Any CPU
		{BB0DB563-AA21-4ADD-8B84-AD45E2CF1EAD}.Debug|Any CPU.ActiveCfg = Debug|Any CPU
		{BB0DB563-AA21-4ADD-8B84-AD45E2CF1EAD}.Debug|Any CPU.Build.0 = Debug|Any CPU
		{BB0DB563-AA21-4ADD-8B84-AD45E2CF1EAD}.Release|Any CPU.ActiveCfg = Release|Any CPU
		{BB0DB563-AA21-4ADD-8B84-AD45E2CF1EAD}.Release|Any CPU.Build.0 = Release|Any CPU
		{04FDC056-F682-4ED5-8E3A-42D12609934E}.Debug|Any CPU.ActiveCfg = Debug|Any CPU
		{04FDC056-F682-4ED5-8E3A-42D12609934E}.Debug|Any CPU.Build.0 = Debug|Any CPU
		{04FDC056-F682-4ED5-8E3A-42D12609934E}.Release|Any CPU.ActiveCfg = Release|Any CPU
		{04FDC056-F682-4ED5-8E3A-42D12609934E}.Release|Any CPU.Build.0 = Release|Any CPU
		{1F6DC8D1-F8A8-4EC0-89AE-61F1673051F7}.Debug|Any CPU.ActiveCfg = Debug|Any CPU
		{1F6DC8D1-F8A8-4EC0-89AE-61F1673051F7}.Debug|Any CPU.Build.0 = Debug|Any CPU
		{1F6DC8D1-F8A8-4EC0-89AE-61F1673051F7}.Release|Any CPU.ActiveCfg = Release|Any CPU
		{1F6DC8D1-F8A8-4EC0-89AE-61F1673051F7}.Release|Any CPU.Build.0 = Release|Any CPU
		{88FED1BB-0531-47C2-886C-9CC342CD6EEA}.Debug|Any CPU.ActiveCfg = Debug|Any CPU
		{88FED1BB-0531-47C2-886C-9CC342CD6EEA}.Debug|Any CPU.Build.0 = Debug|Any CPU
		{88FED1BB-0531-47C2-886C-9CC342CD6EEA}.Release|Any CPU.ActiveCfg = Release|Any CPU
		{88FED1BB-0531-47C2-886C-9CC342CD6EEA}.Release|Any CPU.Build.0 = Release|Any CPU
		{8DAC4D63-1AF2-4DD5-AAD3-A201798FF791}.Debug|Any CPU.ActiveCfg = Debug|Any CPU
		{8DAC4D63-1AF2-4DD5-AAD3-A201798FF791}.Debug|Any CPU.Build.0 = Debug|Any CPU
		{8DAC4D63-1AF2-4DD5-AAD3-A201798FF791}.Release|Any CPU.ActiveCfg = Release|Any CPU
		{8DAC4D63-1AF2-4DD5-AAD3-A201798FF791}.Release|Any CPU.Build.0 = Release|Any CPU
		{728D8DC0-FC95-47E9-9FF7-D34E6C6C7253}.Debug|Any CPU.ActiveCfg = Debug|Any CPU
		{728D8DC0-FC95-47E9-9FF7-D34E6C6C7253}.Debug|Any CPU.Build.0 = Debug|Any CPU
		{728D8DC0-FC95-47E9-9FF7-D34E6C6C7253}.Release|Any CPU.ActiveCfg = Release|Any CPU
		{728D8DC0-FC95-47E9-9FF7-D34E6C6C7253}.Release|Any CPU.Build.0 = Release|Any CPU
		{98A656ED-8A08-4971-9C6F-C7EE3DC0F7A9}.Debug|Any CPU.ActiveCfg = Debug|Any CPU
		{98A656ED-8A08-4971-9C6F-C7EE3DC0F7A9}.Debug|Any CPU.Build.0 = Debug|Any CPU
		{98A656ED-8A08-4971-9C6F-C7EE3DC0F7A9}.Debug|Any CPU.Deploy.0 = Debug|Any CPU
		{98A656ED-8A08-4971-9C6F-C7EE3DC0F7A9}.Release|Any CPU.ActiveCfg = Release|Any CPU
		{98A656ED-8A08-4971-9C6F-C7EE3DC0F7A9}.Release|Any CPU.Build.0 = Release|Any CPU
		{98A656ED-8A08-4971-9C6F-C7EE3DC0F7A9}.Release|Any CPU.Deploy.0 = Release|Any CPU
		{21CE924D-4734-4114-A07D-CF26E4CDA263}.Debug|Any CPU.ActiveCfg = Debug|Any CPU
		{21CE924D-4734-4114-A07D-CF26E4CDA263}.Debug|Any CPU.Build.0 = Debug|Any CPU
		{21CE924D-4734-4114-A07D-CF26E4CDA263}.Release|Any CPU.ActiveCfg = Release|Any CPU
		{21CE924D-4734-4114-A07D-CF26E4CDA263}.Release|Any CPU.Build.0 = Release|Any CPU
		{E67BD03F-4373-47AD-860A-365379034053}.Debug|Any CPU.ActiveCfg = Debug|Any CPU
		{E67BD03F-4373-47AD-860A-365379034053}.Debug|Any CPU.Build.0 = Debug|Any CPU
		{E67BD03F-4373-47AD-860A-365379034053}.Release|Any CPU.ActiveCfg = Release|Any CPU
		{E67BD03F-4373-47AD-860A-365379034053}.Release|Any CPU.Build.0 = Release|Any CPU
		{90C54CC2-F28B-4697-BD86-1C7FAFB71E9E}.Debug|Any CPU.ActiveCfg = Debug|Any CPU
		{90C54CC2-F28B-4697-BD86-1C7FAFB71E9E}.Debug|Any CPU.Build.0 = Debug|Any CPU
		{90C54CC2-F28B-4697-BD86-1C7FAFB71E9E}.Release|Any CPU.ActiveCfg = Release|Any CPU
		{90C54CC2-F28B-4697-BD86-1C7FAFB71E9E}.Release|Any CPU.Build.0 = Release|Any CPU
		{5412D312-DB1D-4AB5-8E85-9EDE73BC6033}.Debug|Any CPU.ActiveCfg = Debug|Any CPU
		{5412D312-DB1D-4AB5-8E85-9EDE73BC6033}.Debug|Any CPU.Build.0 = Debug|Any CPU
		{5412D312-DB1D-4AB5-8E85-9EDE73BC6033}.Release|Any CPU.ActiveCfg = Release|Any CPU
		{5412D312-DB1D-4AB5-8E85-9EDE73BC6033}.Release|Any CPU.Build.0 = Release|Any CPU
		{0C450379-209A-4590-9A4B-605573AC9E3B}.Debug|Any CPU.ActiveCfg = Debug|Any CPU
		{0C450379-209A-4590-9A4B-605573AC9E3B}.Debug|Any CPU.Build.0 = Debug|Any CPU
		{0C450379-209A-4590-9A4B-605573AC9E3B}.Release|Any CPU.ActiveCfg = Release|Any CPU
		{0C450379-209A-4590-9A4B-605573AC9E3B}.Release|Any CPU.Build.0 = Release|Any CPU
		{655FE3DE-05A2-43CD-808E-2060B40428B4}.Debug|Any CPU.ActiveCfg = Debug|Any CPU
		{655FE3DE-05A2-43CD-808E-2060B40428B4}.Debug|Any CPU.Build.0 = Debug|Any CPU
		{655FE3DE-05A2-43CD-808E-2060B40428B4}.Release|Any CPU.ActiveCfg = Release|Any CPU
		{655FE3DE-05A2-43CD-808E-2060B40428B4}.Release|Any CPU.Build.0 = Release|Any CPU
		{15C5FCD2-12F9-4A72-B021-C6EC48A519E0}.Debug|Any CPU.ActiveCfg = Debug|Any CPU
		{15C5FCD2-12F9-4A72-B021-C6EC48A519E0}.Debug|Any CPU.Build.0 = Debug|Any CPU
		{15C5FCD2-12F9-4A72-B021-C6EC48A519E0}.Release|Any CPU.ActiveCfg = Release|Any CPU
		{15C5FCD2-12F9-4A72-B021-C6EC48A519E0}.Release|Any CPU.Build.0 = Release|Any CPU
		{F3A35B5C-1AFB-49A6-AF4F-123B0C653A68}.Debug|Any CPU.ActiveCfg = Debug|Any CPU
		{F3A35B5C-1AFB-49A6-AF4F-123B0C653A68}.Debug|Any CPU.Build.0 = Debug|Any CPU
		{F3A35B5C-1AFB-49A6-AF4F-123B0C653A68}.Release|Any CPU.ActiveCfg = Release|Any CPU
		{F3A35B5C-1AFB-49A6-AF4F-123B0C653A68}.Release|Any CPU.Build.0 = Release|Any CPU
		{3C9EE6B0-6BE5-4A40-ADEC-A0E9B3AF73FC}.Debug|Any CPU.ActiveCfg = Debug|Any CPU
		{3C9EE6B0-6BE5-4A40-ADEC-A0E9B3AF73FC}.Debug|Any CPU.Build.0 = Debug|Any CPU
		{3C9EE6B0-6BE5-4A40-ADEC-A0E9B3AF73FC}.Release|Any CPU.ActiveCfg = Release|Any CPU
		{3C9EE6B0-6BE5-4A40-ADEC-A0E9B3AF73FC}.Release|Any CPU.Build.0 = Release|Any CPU
		{31144431-5C45-4A05-8595-94BBEEBB2AF2}.Debug|Any CPU.ActiveCfg = Debug|Any CPU
		{31144431-5C45-4A05-8595-94BBEEBB2AF2}.Debug|Any CPU.Build.0 = Debug|Any CPU
		{31144431-5C45-4A05-8595-94BBEEBB2AF2}.Release|Any CPU.ActiveCfg = Release|Any CPU
		{31144431-5C45-4A05-8595-94BBEEBB2AF2}.Release|Any CPU.Build.0 = Release|Any CPU
		{F6F37386-DA8A-4304-B7AA-83AB3D0FCC4C}.Debug|Any CPU.ActiveCfg = Debug|Any CPU
		{F6F37386-DA8A-4304-B7AA-83AB3D0FCC4C}.Debug|Any CPU.Build.0 = Debug|Any CPU
		{F6F37386-DA8A-4304-B7AA-83AB3D0FCC4C}.Release|Any CPU.ActiveCfg = Release|Any CPU
		{F6F37386-DA8A-4304-B7AA-83AB3D0FCC4C}.Release|Any CPU.Build.0 = Release|Any CPU
	EndGlobalSection
	GlobalSection(SolutionProperties) = preSolution
		HideSolutionNode = FALSE
	EndGlobalSection
	GlobalSection(NestedProjects) = preSolution
		{8EB66270-F2E0-4C47-9DD1-104A19B28D2A} = {AC6D37BD-D8E4-418F-B062-4B7CC6A8FD1A}
		{346E8D20-5414-4B88-8005-830A64813D8C} = {AC6D37BD-D8E4-418F-B062-4B7CC6A8FD1A}
		{01C310EF-95EF-4DB3-8A0B-E4336311E959} = {71BF8B2A-BCF8-4F06-BF31-31B89EC4CE45}
		{5E92B5B9-024B-4704-85DD-D869598BD7E3} = {71BF8B2A-BCF8-4F06-BF31-31B89EC4CE45}
		{3FBE9F3E-962A-476A-B763-D995D8B5DF3F} = {9C5DE816-B215-42DD-8ED2-A00895B4CDF6}
		{DA81B752-BBF4-40B3-9D01-C85438052A41} = {9C5DE816-B215-42DD-8ED2-A00895B4CDF6}
		{D14AE93B-DC51-4BB9-811E-5791146E2410} = {2A105A65-DBE4-4FD2-8D9C-468F70B854B6}
		{1DF56C30-EC92-417A-A0F2-262D2D60E27C} = {1090BDD0-981C-477F-88CB-9C6EF85D568C}
		{B2BF8E1F-9376-4979-9883-360755735D2B} = {1090BDD0-981C-477F-88CB-9C6EF85D568C}
		{4082E4EB-A98A-4D0E-B32C-E9C4314A74B8} = {1090BDD0-981C-477F-88CB-9C6EF85D568C}
		{3BBC0C16-552E-4DD0-9F08-7986AF9B9F44} = {1090BDD0-981C-477F-88CB-9C6EF85D568C}
		{C3690CF6-C041-4AAF-A065-AEC930DC3938} = {1090BDD0-981C-477F-88CB-9C6EF85D568C}
		{B96CC0F6-E1F1-4967-8776-17FD0F00BE3B} = {1EAB5545-7539-44E4-8025-1580F2878997}
		{A6C8967B-207B-4037-B06D-E82363B47B55} = {1EAB5545-7539-44E4-8025-1580F2878997}
		{CF1A9C9D-81C2-4F71-A634-FA0F8FCE154E} = {1EAB5545-7539-44E4-8025-1580F2878997}
		{2F6F8E7E-CB8F-4E3A-AE1B-6FA25BF99BC8} = {DB5D8B0D-04B0-4929-A5B8-BE892037D846}
		{C7BC619D-7B09-417F-BC2A-43B79FF28541} = {DB5D8B0D-04B0-4929-A5B8-BE892037D846}
		{6B6269AD-C400-4A5E-B6F8-19E5036BF127} = {9C5DE816-B215-42DD-8ED2-A00895B4CDF6}
		{2C01990D-AE78-4265-BA7E-4C72CA01AC25} = {AC6D37BD-D8E4-418F-B062-4B7CC6A8FD1A}
		{2020CB3C-3F45-418D-B72D-728DEB2312E5} = {71BF8B2A-BCF8-4F06-BF31-31B89EC4CE45}
		{51429E63-C0D9-4D25-8BD2-A6E1226E3E32} = {1EAB5545-7539-44E4-8025-1580F2878997}
		{65387C63-1F50-4EE1-839B-9446F1FEE0D9} = {1090BDD0-981C-477F-88CB-9C6EF85D568C}
		{894C5FB2-067D-45A3-BA33-F243C6AE15D8} = {2A105A65-DBE4-4FD2-8D9C-468F70B854B6}
		{7DEFFBD9-059A-4282-BEEF-90C6BEF20997} = {DB5D8B0D-04B0-4929-A5B8-BE892037D846}
		{2238A74F-C299-4237-9B99-B6FC6E7CF372} = {DB5D8B0D-04B0-4929-A5B8-BE892037D846}
		{44CB9B22-96DC-4187-A044-425D6E42BE57} = {45E57C57-3AEE-425D-896F-7314EF08CAF4}
		{C196D665-2AEF-4B1A-A84C-13F8928696DA} = {45E57C57-3AEE-425D-896F-7314EF08CAF4}
		{87FF91E4-4B7E-4E7D-9C2D-D2D1C36ACB7F} = {45E57C57-3AEE-425D-896F-7314EF08CAF4}
		{9AC626D9-C807-4605-8DAC-17701659D539} = {45E57C57-3AEE-425D-896F-7314EF08CAF4}
		{49D8F51B-9D01-44F0-B2B9-761441874C79} = {1EAB5545-7539-44E4-8025-1580F2878997}
		{BB0DB563-AA21-4ADD-8B84-AD45E2CF1EAD} = {1EAB5545-7539-44E4-8025-1580F2878997}
		{04FDC056-F682-4ED5-8E3A-42D12609934E} = {1EAB5545-7539-44E4-8025-1580F2878997}
		{1F6DC8D1-F8A8-4EC0-89AE-61F1673051F7} = {45E57C57-3AEE-425D-896F-7314EF08CAF4}
		{88FED1BB-0531-47C2-886C-9CC342CD6EEA} = {45E57C57-3AEE-425D-896F-7314EF08CAF4}
		{8DAC4D63-1AF2-4DD5-AAD3-A201798FF791} = {DB5D8B0D-04B0-4929-A5B8-BE892037D846}
		{728D8DC0-FC95-47E9-9FF7-D34E6C6C7253} = {1090BDD0-981C-477F-88CB-9C6EF85D568C}
		{98A656ED-8A08-4971-9C6F-C7EE3DC0F7A9} = {1EAB5545-7539-44E4-8025-1580F2878997}
		{21CE924D-4734-4114-A07D-CF26E4CDA263} = {1EAB5545-7539-44E4-8025-1580F2878997}
		{E67BD03F-4373-47AD-860A-365379034053} = {1EAB5545-7539-44E4-8025-1580F2878997}
		{90C54CC2-F28B-4697-BD86-1C7FAFB71E9E} = {368D615C-212A-4679-8831-EBFEAF496047}
		{5412D312-DB1D-4AB5-8E85-9EDE73BC6033} = {368D615C-212A-4679-8831-EBFEAF496047}
		{0C450379-209A-4590-9A4B-605573AC9E3B} = {368D615C-212A-4679-8831-EBFEAF496047}
		{655FE3DE-05A2-43CD-808E-2060B40428B4} = {368D615C-212A-4679-8831-EBFEAF496047}
		{15C5FCD2-12F9-4A72-B021-C6EC48A519E0} = {368D615C-212A-4679-8831-EBFEAF496047}
		{F3A35B5C-1AFB-49A6-AF4F-123B0C653A68} = {368D615C-212A-4679-8831-EBFEAF496047}
		{3C9EE6B0-6BE5-4A40-ADEC-A0E9B3AF73FC} = {3E039553-1538-4262-B62E-5286218C4519}
		{31144431-5C45-4A05-8595-94BBEEBB2AF2} = {3E039553-1538-4262-B62E-5286218C4519}
		{F6F37386-DA8A-4304-B7AA-83AB3D0FCC4C} = {3E039553-1538-4262-B62E-5286218C4519}
	EndGlobalSection
	GlobalSection(ExtensibilityGlobals) = postSolution
		SolutionGuid = {77269532-E17B-46D3-943A-11A10CA36E74}
	EndGlobalSection
EndGlobal
